
Microsoft Visual Studio Solution File, Format Version 12.00
# Visual Studio Version 16
VisualStudioVersion = 16.0.31005.135
MinimumVisualStudioVersion = 10.0.40219.1
Project("{FAE04EC0-301F-11D3-BF4B-00C04F79EFBC}") = "HelloWorld.ui", "HelloWorld.ui.csproj", "{EA759932-AE18-4572-BF4E-4F3CB4E0F318}"
EndProject
Global
	GlobalSection(SolutionConfigurationPlatforms) = preSolution
		Debug|Any CPU = Debug|Any CPU
		Release|Any CPU = Release|Any CPU
	EndGlobalSection
	GlobalSection(ProjectConfigurationPlatforms) = postSolution
		{EA759932-AE18-4572-BF4E-4F3CB4E0F318}.Debug|Any CPU.ActiveCfg = Debug|Any CPU
		{EA759932-AE18-4572-BF4E-4F3CB4E0F318}.Debug|Any CPU.Build.0 = Debug|Any CPU
		{EA759932-AE18-4572-BF4E-4F3CB4E0F318}.Release|Any CPU.ActiveCfg = Release|Any CPU
		{EA759932-AE18-4572-BF4E-4F3CB4E0F318}.Release|Any CPU.Build.0 = Release|Any CPU
	EndGlobalSection
	GlobalSection(SolutionProperties) = preSolution
		HideSolutionNode = FALSE
	EndGlobalSection
	GlobalSection(ExtensibilityGlobals) = postSolution
		SolutionGuid = {8A0088EF-F5CE-467E-B7A0-F276EFF483B6}
	EndGlobalSection
EndGlobal
